{
  "name": "token-flow-node",
  "version": "1.0.0",
  "lockfileVersion": 1,
  "requires": true,
  "dependencies": {
    "bootstrap": {
      "version": "5.0.0-alpha2",
      "resolved": "https://registry.npmjs.org/bootstrap/-/bootstrap-5.0.0-alpha2.tgz",
      "integrity": "sha512-ZhW32+m5ImJoEkDKn43QQk2KovpJFisV/7TAg/RCzDi+B8m7FUgLHWx1Auu0Jt3/DQXDYwp6iwsprP3ej4u3ng=="
    },
    "msal": {
      "version": "1.4.1",
      "resolved": "https://registry.npmjs.org/msal/-/msal-1.4.1.tgz",
      "integrity": "sha512-FnRHbE7U7MoG5BAupupRP/0Zurvzc9OnZFiH6n9YeM9anRPYhur/gX87Gxw+DpM46kSoLHyKNtEN3U46fQw/8w==",
      "requires": {
        "tslib": "^1.9.3"
      }
    },
    "tslib": {
      "version": "1.14.1",
      "resolved": "https://registry.npmjs.org/tslib/-/tslib-1.14.1.tgz",
      "integrity": "sha512-Xni35NKzjgMrwevysHTCArtLDpPvye8zV/0E4EyYn43P7/7qvQwPh9BGkHewbMulVntbigmcT7rdX3BNo9wRJg=="
    }
  }
}
